
Microsoft Visual Studio Solution File, Format Version 12.00
# Visual Studio Version 17
VisualStudioVersion = 17.3.32825.248
MinimumVisualStudioVersion = 10.0.40219.1
Project("{FAE04EC0-301F-11D3-BF4B-00C04F79EFBC}") = "SaveEyes", "SaveEyes\SaveEyes.csproj", "{ED29994B-9A31-4E0F-9BE7-DF76FEA53C2B}"
EndProject
Global
	GlobalSection(SolutionConfigurationPlatforms) = preSolution
		Debug|Any CPU = Debug|Any CPU
		Release|Any CPU = Release|Any CPU
	EndGlobalSection
	GlobalSection(ProjectConfigurationPlatforms) = postSolution
		{ED29994B-9A31-4E0F-9BE7-DF76FEA53C2B}.Debug|Any CPU.ActiveCfg = Debug|Any CPU
		{ED29994B-9A31-4E0F-9BE7-DF76FEA53C2B}.Debug|Any CPU.Build.0 = Debug|Any CPU
		{ED29994B-9A31-4E0F-9BE7-DF76FEA53C2B}.Release|Any CPU.ActiveCfg = Release|Any CPU
		{ED29994B-9A31-4E0F-9BE7-DF76FEA53C2B}.Release|Any CPU.Build.0 = Release|Any CPU
	EndGlobalSection
	GlobalSection(SolutionProperties) = preSolution
		HideSolutionNode = FALSE
	EndGlobalSection
	GlobalSection(ExtensibilityGlobals) = postSolution
		SolutionGuid = {DB513E11-310A-41A2-87CD-F5670D8D23D9}
	EndGlobalSection
EndGlobal
